
Microsoft Visual Studio Solution File, Format Version 12.00
# Visual Studio Version 17
VisualStudioVersion = 17.8.34330.188
MinimumVisualStudioVersion = 10.0.40219.1
Project("{FAE04EC0-301F-11D3-BF4B-00C04F79EFBC}") = "EquipmentManagementWinform", "EquipmentManagementWinform.csproj", "{DD7A7749-A19D-432A-A2C9-7845778726E3}"
EndProject
Global
	GlobalSection(SolutionConfigurationPlatforms) = preSolution
		Debug|Any CPU = Debug|Any CPU
		Release|Any CPU = Release|Any CPU
	EndGlobalSection
	GlobalSection(ProjectConfigurationPlatforms) = postSolution
		{DD7A7749-A19D-432A-A2C9-7845778726E3}.Debug|Any CPU.ActiveCfg = Debug|Any CPU
		{DD7A7749-A19D-432A-A2C9-7845778726E3}.Debug|Any CPU.Build.0 = Debug|Any CPU
		{DD7A7749-A19D-432A-A2C9-7845778726E3}.Release|Any CPU.ActiveCfg = Release|Any CPU
		{DD7A7749-A19D-432A-A2C9-7845778726E3}.Release|Any CPU.Build.0 = Release|Any CPU
	EndGlobalSection
	GlobalSection(SolutionProperties) = preSolution
		HideSolutionNode = FALSE
	EndGlobalSection
	GlobalSection(ExtensibilityGlobals) = postSolution
		SolutionGuid = {26BA3938-553F-4E6F-986D-9E2B593FB7E3}
	EndGlobalSection
EndGlobal
